{
  "name": "svidgen-aoc-2023",
  "version": "1.0.0",
  "lockfileVersion": 3,
  "requires": true,
  "packages": {
    "": {
      "name": "svidgen-aoc-2023",
      "version": "1.0.0",
      "license": "MIT",
      "dependencies": {
        "toy-compiler": "github:svidgen/toy-compiler"
      }
    },
    "node_modules/@types/node": {
      "version": "18.19.0",
      "resolved": "https://registry.npmjs.org/@types/node/-/node-18.19.0.tgz",
      "integrity": "sha512-667KNhaD7U29mT5wf+TZUnrzPrlL2GNQ5N0BMjO2oNULhBxX0/FKCkm6JMu0Jh7Z+1LwUlR21ekd7KhIboNFNw==",
      "dependencies": {
        "undici-types": "~5.26.4"
      }
    },
    "node_modules/toy-compiler": {
      "version": "1.0.0",
      "resolved": "git+ssh://git@github.com/svidgen/toy-compiler.git#ca3d5112bc2634a09d2f16809058b930d2e089d1",
      "license": "ISC",
      "dependencies": {
        "@types/node": "^18.11.15",
        "typescript": "^4.9.4"
      }
    },
    "node_modules/typescript": {
      "version": "4.9.5",
      "resolved": "https://registry.npmjs.org/typescript/-/typescript-4.9.5.tgz",
      "integrity": "sha512-1FXk9E2Hm+QzZQ7z+McJiHL4NW1F2EzMu9Nq9i3zAaGqibafqYwCVU6WyWAuyQRRzOlxou8xZSyXLEN8oKj24g==",
      "bin": {
        "tsc": "bin/tsc",
        "tsserver": "bin/tsserver"
      },
      "engines": {
        "node": ">=4.2.0"
      }
    },
    "node_modules/undici-types": {
      "version": "5.26.5",
      "resolved": "https://registry.npmjs.org/undici-types/-/undici-types-5.26.5.tgz",
      "integrity": "sha512-JlCMO+ehdEIKqlFxk6IfVoAUVmgz7cU7zD/h9XZ0qzeosSHmUJVOzSQvvYSYWXkFXC+IfLKSIffhv0sVZup6pA=="
    }
  }
}
